// !$*UTF8*$!
{
	archiveVersion = 1;
	classes = {
	};
	objectVersion = 56;
	objects = {

/* Begin PBXBuildFile section */
		45EFEE9D29F50B7F006EEE15 /* AppDelegate.swift in Sources */ = {isa = PBXBuildFile; fileRef = 45EFEE9C29F50B7F006EEE15 /* AppDelegate.swift */; };
		45EFEE9F29F50B7F006EEE15 /* SceneDelegate.swift in Sources */ = {isa = PBXBuildFile; fileRef = 45EFEE9E29F50B7F006EEE15 /* SceneDelegate.swift */; };
		45EFEEA129F50B7F006EEE15 /* TodoListViewController.swift in Sources */ = {isa = PBXBuildFile; fileRef = 45EFEEA029F50B7F006EEE15 /* TodoListViewController.swift */; };
		45EFEEA429F50B7F006EEE15 /* Main.storyboard in Resources */ = {isa = PBXBuildFile; fileRef = 45EFEEA229F50B7F006EEE15 /* Main.storyboard */; };
		45EFEEA629F50B7F006EEE15 /* Assets.xcassets in Resources */ = {isa = PBXBuildFile; fileRef = 45EFEEA529F50B7F006EEE15 /* Assets.xcassets */; };
		45EFEEA929F50B7F006EEE15 /* LaunchScreen.storyboard in Resources */ = {isa = PBXBuildFile; fileRef = 45EFEEA729F50B7F006EEE15 /* LaunchScreen.storyboard */; };
		45EFEEB429F50B80006EEE15 /* TodoList_with_chatGPTTests.swift in Sources */ = {isa = PBXBuildFile; fileRef = 45EFEEB329F50B80006EEE15 /* TodoList_with_chatGPTTests.swift */; };
		45EFEEBE29F50B80006EEE15 /* TodoList_with_chatGPTUITests.swift in Sources */ = {isa = PBXBuildFile; fileRef = 45EFEEBD29F50B80006EEE15 /* TodoList_with_chatGPTUITests.swift */; };
		45EFEEC029F50B80006EEE15 /* TodoList_with_chatGPTUITestsLaunchTests.swift in Sources */ = {isa = PBXBuildFile; fileRef = 45EFEEBF29F50B80006EEE15 /* TodoList_with_chatGPTUITestsLaunchTests.swift */; };
		45EFEED029F50BCF006EEE15 /* TodoItem.swift in Sources */ = {isa = PBXBuildFile; fileRef = 45EFEECF29F50BCF006EEE15 /* TodoItem.swift */; };
		45EFEED229F50BF5006EEE15 /* TodoListViewModel.swift in Sources */ = {isa = PBXBuildFile; fileRef = 45EFEED129F50BF5006EEE15 /* TodoListViewModel.swift */; };
		45EFEED529F50E18006EEE15 /* TodoListTableViewCell.swift in Sources */ = {isa = PBXBuildFile; fileRef = 45EFEED429F50E18006EEE15 /* TodoListTableViewCell.swift */; };
/* End PBXBuildFile section */

/* Begin PBXContainerItemProxy section */
		45EFEEB029F50B80006EEE15 /* PBXContainerItemProxy */ = {
			isa = PBXContainerItemProxy;
			containerPortal = 45EFEE9129F50B7F006EEE15 /* Project object */;
			proxyType = 1;
			remoteGlobalIDString = 45EFEE9829F50B7F006EEE15;
			remoteInfo = TodoList_with_chatGPT;
		};
		45EFEEBA29F50B80006EEE15 /* PBXContainerItemProxy */ = {
			isa = PBXContainerItemProxy;
			containerPortal = 45EFEE9129F50B7F006EEE15 /* Project object */;
			proxyType = 1;
			remoteGlobalIDString = 45EFEE9829F50B7F006EEE15;
			remoteInfo = TodoList_with_chatGPT;
		};
/* End PBXContainerItemProxy section */

/* Begin PBXFileReference section */
		45EFEE9929F50B7F006EEE15 /* TodoList_with_chatGPT.app */ = {isa = PBXFileReference; explicitFileType = wrapper.application; includeInIndex = 0; path = TodoList_with_chatGPT.app; sourceTree = BUILT_PRODUCTS_DIR; };
		45EFEE9C29F50B7F006EEE15 /* AppDelegate.swift */ = {isa = PBXFileReference; lastKnownFileType = sourcecode.swift; path = AppDelegate.swift; sourceTree = "<group>"; };
		45EFEE9E29F50B7F006EEE15 /* SceneDelegate.swift */ = {isa = PBXFileReference; lastKnownFileType = sourcecode.swift; path = SceneDelegate.swift; sourceTree = "<group>"; };
		45EFEEA029F50B7F006EEE15 /* TodoListViewController.swift */ = {isa = PBXFileReference; lastKnownFileType = sourcecode.swift; path = TodoListViewController.swift; sourceTree = "<group>"; };
		45EFEEA329F50B7F006EEE15 /* Base */ = {isa = PBXFileReference; lastKnownFileType = file.storyboard; name = Base; path = Base.lproj/Main.storyboard; sourceTree = "<group>"; };
		45EFEEA529F50B7F006EEE15 /* Assets.xcassets */ = {isa = PBXFileReference; lastKnownFileType = folder.assetcatalog; path = Assets.xcassets; sourceTree = "<group>"; };
		45EFEEA829F50B7F006EEE15 /* Base */ = {isa = PBXFileReference; lastKnownFileType = file.storyboard; name = Base; path = Base.lproj/LaunchScreen.storyboard; sourceTree = "<group>"; };
		45EFEEAA29F50B7F006EEE15 /* Info.plist */ = {isa = PBXFileReference; lastKnownFileType = text.plist.xml; path = Info.plist; sourceTree = "<group>"; };
		45EFEEAF29F50B80006EEE15 /* TodoList_with_chatGPTTests.xctest */ = {isa = PBXFileReference; explicitFileType = wrapper.cfbundle; includeInIndex = 0; path = TodoList_with_chatGPTTests.xctest; sourceTree = BUILT_PRODUCTS_DIR; };
		45EFEEB329F50B80006EEE15 /* TodoList_with_chatGPTTests.swift */ = {isa = PBXFileReference; lastKnownFileType = sourcecode.swift; path = TodoList_with_chatGPTTests.swift; sourceTree = "<group>"; };
		45EFEEB929F50B80006EEE15 /* TodoList_with_chatGPTUITests.xctest */ = {isa = PBXFileReference; explicitFileType = wrapper.cfbundle; includeInIndex = 0; path = TodoList_with_chatGPTUITests.xctest; sourceTree = BUILT_PRODUCTS_DIR; };
		45EFEEBD29F50B80006EEE15 /* TodoList_with_chatGPTUITests.swift */ = {isa = PBXFileReference; lastKnownFileType = sourcecode.swift; path = TodoList_with_chatGPTUITests.swift; sourceTree = "<group>"; };
		45EFEEBF29F50B80006EEE15 /* TodoList_with_chatGPTUITestsLaunchTests.swift */ = {isa = PBXFileReference; lastKnownFileType = sourcecode.swift; path = TodoList_with_chatGPTUITestsLaunchTests.swift; sourceTree = "<group>"; };
		45EFEECF29F50BCF006EEE15 /* TodoItem.swift */ = {isa = PBXFileReference; lastKnownFileType = sourcecode.swift; path = TodoItem.swift; sourceTree = "<group>"; };
		45EFEED129F50BF5006EEE15 /* TodoListViewModel.swift */ = {isa = PBXFileReference; lastKnownFileType = sourcecode.swift; path = TodoListViewModel.swift; sourceTree = "<group>"; };
		45EFEED429F50E18006EEE15 /* TodoListTableViewCell.swift */ = {isa = PBXFileReference; lastKnownFileType = sourcecode.swift; path = TodoListTableViewCell.swift; sourceTree = "<group>"; };
/* End PBXFileReference section */

/* Begin PBXFrameworksBuildPhase section */
		45EFEE9629F50B7F006EEE15 /* Frameworks */ = {
			isa = PBXFrameworksBuildPhase;
			buildActionMask = 2147483647;
			files = (
			);
			runOnlyForDeploymentPostprocessing = 0;
		};
		45EFEEAC29F50B80006EEE15 /* Frameworks */ = {
			isa = PBXFrameworksBuildPhase;
			buildActionMask = 2147483647;
			files = (
			);
			runOnlyForDeploymentPostprocessing = 0;
		};
		45EFEEB629F50B80006EEE15 /* Frameworks */ = {
			isa = PBXFrameworksBuildPhase;
			buildActionMask = 2147483647;
			files = (
			);
			runOnlyForDeploymentPostprocessing = 0;
		};
/* End PBXFrameworksBuildPhase section */

/* Begin PBXGroup section */
		45EFEE9029F50B7F006EEE15 = {
			isa = PBXGroup;
			children = (
				45EFEE9B29F50B7F006EEE15 /* TodoList_with_chatGPT */,
				45EFEEB229F50B80006EEE15 /* TodoList_with_chatGPTTests */,
				45EFEEBC29F50B80006EEE15 /* TodoList_with_chatGPTUITests */,
				45EFEE9A29F50B7F006EEE15 /* Products */,
			);
			sourceTree = "<group>";
		};
		45EFEE9A29F50B7F006EEE15 /* Products */ = {
			isa = PBXGroup;
			children = (
				45EFEE9929F50B7F006EEE15 /* TodoList_with_chatGPT.app */,
				45EFEEAF29F50B80006EEE15 /* TodoList_with_chatGPTTests.xctest */,
				45EFEEB929F50B80006EEE15 /* TodoList_with_chatGPTUITests.xctest */,
			);
			name = Products;
			sourceTree = "<group>";
		};
		45EFEE9B29F50B7F006EEE15 /* TodoList_with_chatGPT */ = {
			isa = PBXGroup;
			children = (
				45EFEECE29F50BC2006EEE15 /* Model */,
				45EFEECD29F50BBD006EEE15 /* ViewModel */,
				45EFEECC29F50BB7006EEE15 /* View */,
				45EFEE9C29F50B7F006EEE15 /* AppDelegate.swift */,
				45EFEE9E29F50B7F006EEE15 /* SceneDelegate.swift */,
				45EFEEA229F50B7F006EEE15 /* Main.storyboard */,
				45EFEEA529F50B7F006EEE15 /* Assets.xcassets */,
				45EFEEA729F50B7F006EEE15 /* LaunchScreen.storyboard */,
				45EFEEAA29F50B7F006EEE15 /* Info.plist */,
			);
			path = TodoList_with_chatGPT;
			sourceTree = "<group>";
		};
		45EFEEB229F50B80006EEE15 /* TodoList_with_chatGPTTests */ = {
			isa = PBXGroup;
			children = (
				45EFEEB329F50B80006EEE15 /* TodoList_with_chatGPTTests.swift */,
			);
			path = TodoList_with_chatGPTTests;
			sourceTree = "<group>";
		};
		45EFEEBC29F50B80006EEE15 /* TodoList_with_chatGPTUITests */ = {
			isa = PBXGroup;
			children = (
				45EFEEBD29F50B80006EEE15 /* TodoList_with_chatGPTUITests.swift */,
				45EFEEBF29F50B80006EEE15 /* TodoList_with_chatGPTUITestsLaunchTests.swift */,
			);
			path = TodoList_with_chatGPTUITests;
			sourceTree = "<group>";
		};
		45EFEECC29F50BB7006EEE15 /* View */ = {
			isa = PBXGroup;
			children = (
				45EFEED329F50DE4006EEE15 /* Cells */,
				45EFEEA029F50B7F006EEE15 /* TodoListViewController.swift */,
			);
			path = View;
			sourceTree = "<group>";
		};
		45EFEECD29F50BBD006EEE15 /* ViewModel */ = {
			isa = PBXGroup;
			children = (
				45EFEED129F50BF5006EEE15 /* TodoListViewModel.swift */,
			);
			path = ViewModel;
			sourceTree = "<group>";
		};
		45EFEECE29F50BC2006EEE15 /* Model */ = {
			isa = PBXGroup;
			children = (
				45EFEECF29F50BCF006EEE15 /* TodoItem.swift */,
			);
			path = Model;
			sourceTree = "<group>";
		};
		45EFEED329F50DE4006EEE15 /* Cells */ = {
			isa = PBXGroup;
			children = (
				45EFEED429F50E18006EEE15 /* TodoListTableViewCell.swift */,
			);
			path = Cells;
			sourceTree = "<group>";
		};
/* End PBXGroup section */

/* Begin PBXNativeTarget section */
		45EFEE9829F50B7F006EEE15 /* TodoList_with_chatGPT */ = {
			isa = PBXNativeTarget;
			buildConfigurationList = 45EFEEC329F50B80006EEE15 /* Build configuration list for PBXNativeTarget "TodoList_with_chatGPT" */;
			buildPhases = (
				45EFEE9529F50B7F006EEE15 /* Sources */,
				45EFEE9629F50B7F006EEE15 /* Frameworks */,
				45EFEE9729F50B7F006EEE15 /* Resources */,
			);
			buildRules = (
			);
			dependencies = (
			);
			name = TodoList_with_chatGPT;
			productName = TodoList_with_chatGPT;
			productReference = 45EFEE9929F50B7F006EEE15 /* TodoList_with_chatGPT.app */;
			productType = "com.apple.product-type.application";
		};
		45EFEEAE29F50B80006EEE15 /* TodoList_with_chatGPTTests */ = {
			isa = PBXNativeTarget;
			buildConfigurationList = 45EFEEC629F50B80006EEE15 /* Build configuration list for PBXNativeTarget "TodoList_with_chatGPTTests" */;
			buildPhases = (
				45EFEEAB29F50B80006EEE15 /* Sources */,
				45EFEEAC29F50B80006EEE15 /* Frameworks */,
				45EFEEAD29F50B80006EEE15 /* Resources */,
			);
			buildRules = (
			);
			dependencies = (
				45EFEEB129F50B80006EEE15 /* PBXTargetDependency */,
			);
			name = TodoList_with_chatGPTTests;
			productName = TodoList_with_chatGPTTests;
			productReference = 45EFEEAF29F50B80006EEE15 /* TodoList_with_chatGPTTests.xctest */;
			productType = "com.apple.product-type.bundle.unit-test";
		};
		45EFEEB829F50B80006EEE15 /* TodoList_with_chatGPTUITests */ = {
			isa = PBXNativeTarget;
			buildConfigurationList = 45EFEEC929F50B80006EEE15 /* Build configuration list for PBXNativeTarget "TodoList_with_chatGPTUITests" */;
			buildPhases = (
				45EFEEB529F50B80006EEE15 /* Sources */,
				45EFEEB629F50B80006EEE15 /* Frameworks */,
				45EFEEB729F50B80006EEE15 /* Resources */,
			);
			buildRules = (
			);
			dependencies = (
				45EFEEBB29F50B80006EEE15 /* PBXTargetDependency */,
			);
			name = TodoList_with_chatGPTUITests;
			productName = TodoList_with_chatGPTUITests;
			productReference = 45EFEEB929F50B80006EEE15 /* TodoList_with_chatGPTUITests.xctest */;
			productType = "com.apple.product-type.bundle.ui-testing";
		};
/* End PBXNativeTarget section */

/* Begin PBXProject section */
		45EFEE9129F50B7F006EEE15 /* Project object */ = {
			isa = PBXProject;
			attributes = {
				BuildIndependentTargetsInParallel = 1;
				LastSwiftUpdateCheck = 1430;
				LastUpgradeCheck = 1430;
				TargetAttributes = {
					45EFEE9829F50B7F006EEE15 = {
						CreatedOnToolsVersion = 14.3;
					};
					45EFEEAE29F50B80006EEE15 = {
						CreatedOnToolsVersion = 14.3;
						TestTargetID = 45EFEE9829F50B7F006EEE15;
					};
					45EFEEB829F50B80006EEE15 = {
						CreatedOnToolsVersion = 14.3;
						TestTargetID = 45EFEE9829F50B7F006EEE15;
					};
				};
			};
			buildConfigurationList = 45EFEE9429F50B7F006EEE15 /* Build configuration list for PBXProject "TodoList_with_chatGPT" */;
			compatibilityVersion = "Xcode 14.0";
			developmentRegion = en;
			hasScannedForEncodings = 0;
			knownRegions = (
				en,
				Base,
			);
			mainGroup = 45EFEE9029F50B7F006EEE15;
			productRefGroup = 45EFEE9A29F50B7F006EEE15 /* Products */;
			projectDirPath = "";
			projectRoot = "";
			targets = (
				45EFEE9829F50B7F006EEE15 /* TodoList_with_chatGPT */,
				45EFEEAE29F50B80006EEE15 /* TodoList_with_chatGPTTests */,
				45EFEEB829F50B80006EEE15 /* TodoList_with_chatGPTUITests */,
			);
		};
/* End PBXProject section */

/* Begin PBXResourcesBuildPhase section */
		45EFEE9729F50B7F006EEE15 /* Resources */ = {
			isa = PBXResourcesBuildPhase;
			buildActionMask = 2147483647;
			files = (
				45EFEEA929F50B7F006EEE15 /* LaunchScreen.storyboard in Resources */,
				45EFEEA629F50B7F006EEE15 /* Assets.xcassets in Resources */,
				45EFEEA429F50B7F006EEE15 /* Main.storyboard in Resources */,
			);
			runOnlyForDeploymentPostprocessing = 0;
		};
		45EFEEAD29F50B80006EEE15 /* Resources */ = {
			isa = PBXResourcesBuildPhase;
			buildActionMask = 2147483647;
			files = (
			);
			runOnlyForDeploymentPostprocessing = 0;
		};
		45EFEEB729F50B80006EEE15 /* Resources */ = {
			isa = PBXResourcesBuildPhase;
			buildActionMask = 2147483647;
			files = (
			);
			runOnlyForDeploymentPostprocessing = 0;
		};
/* End PBXResourcesBuildPhase section */

/* Begin PBXSourcesBuildPhase section */
		45EFEE9529F50B7F006EEE15 /* Sources */ = {
			isa = PBXSourcesBuildPhase;
			buildActionMask = 2147483647;
			files = (
				45EFEEA129F50B7F006EEE15 /* TodoListViewController.swift in Sources */,
				45EFEE9D29F50B7F006EEE15 /* AppDelegate.swift in Sources */,
				45EFEED029F50BCF006EEE15 /* TodoItem.swift in Sources */,
				45EFEE9F29F50B7F006EEE15 /* SceneDelegate.swift in Sources */,
				45EFEED229F50BF5006EEE15 /* TodoListViewModel.swift in Sources */,
				45EFEED529F50E18006EEE15 /* TodoListTableViewCell.swift in Sources */,
			);
			runOnlyForDeploymentPostprocessing = 0;
		};
		45EFEEAB29F50B80006EEE15 /* Sources */ = {
			isa = PBXSourcesBuildPhase;
			buildActionMask = 2147483647;
			files = (
				45EFEEB429F50B80006EEE15 /* TodoList_with_chatGPTTests.swift in Sources */,
			);
			runOnlyForDeploymentPostprocessing = 0;
		};
		45EFEEB529F50B80006EEE15 /* Sources */ = {
			isa = PBXSourcesBuildPhase;
			buildActionMask = 2147483647;
			files = (
				45EFEEC029F50B80006EEE15 /* TodoList_with_chatGPTUITestsLaunchTests.swift in Sources */,
				45EFEEBE29F50B80006EEE15 /* TodoList_with_chatGPTUITests.swift in Sources */,
			);
			runOnlyForDeploymentPostprocessing = 0;
		};
/* End PBXSourcesBuildPhase section */

/* Begin PBXTargetDependency section */
		45EFEEB129F50B80006EEE15 /* PBXTargetDependency */ = {
			isa = PBXTargetDependency;
			target = 45EFEE9829F50B7F006EEE15 /* TodoList_with_chatGPT */;
			targetProxy = 45EFEEB029F50B80006EEE15 /* PBXContainerItemProxy */;
		};
		45EFEEBB29F50B80006EEE15 /* PBXTargetDependency */ = {
			isa = PBXTargetDependency;
			target = 45EFEE9829F50B7F006EEE15 /* TodoList_with_chatGPT */;
			targetProxy = 45EFEEBA29F50B80006EEE15 /* PBXContainerItemProxy */;
		};
/* End PBXTargetDependency section */

/* Begin PBXVariantGroup section */
		45EFEEA229F50B7F006EEE15 /* Main.storyboard */ = {
			isa = PBXVariantGroup;
			children = (
				45EFEEA329F50B7F006EEE15 /* Base */,
			);
			name = Main.storyboard;
			sourceTree = "<group>";
		};
		45EFEEA729F50B7F006EEE15 /* LaunchScreen.storyboard */ = {
			isa = PBXVariantGroup;
			children = (
				45EFEEA829F50B7F006EEE15 /* Base */,
			);
			name = LaunchScreen.storyboard;
			sourceTree = "<group>";
		};
/* End PBXVariantGroup section */

/* Begin XCBuildConfiguration section */
		45EFEEC129F50B80006EEE15 /* Debug */ = {
			isa = XCBuildConfiguration;
			buildSettings = {
				ALWAYS_SEARCH_USER_PATHS = NO;
				CLANG_ANALYZER_NONNULL = YES;
				CLANG_ANALYZER_NUMBER_OBJECT_CONVERSION = YES_AGGRESSIVE;
				CLANG_CXX_LANGUAGE_STANDARD = "gnu++20";
				CLANG_ENABLE_MODULES = YES;
				CLANG_ENABLE_OBJC_ARC = YES;
				CLANG_ENABLE_OBJC_WEAK = YES;
				CLANG_WARN_BLOCK_CAPTURE_AUTORELEASING = YES;
				CLANG_WARN_BOOL_CONVERSION = YES;
				CLANG_WARN_COMMA = YES;
				CLANG_WARN_CONSTANT_CONVERSION = YES;
				CLANG_WARN_DEPRECATED_OBJC_IMPLEMENTATIONS = YES;
				CLANG_WARN_DIRECT_OBJC_ISA_USAGE = YES_ERROR;
				CLANG_WARN_DOCUMENTATION_COMMENTS = YES;
				CLANG_WARN_EMPTY_BODY = YES;
				CLANG_WARN_ENUM_CONVERSION = YES;
				CLANG_WARN_INFINITE_RECURSION = YES;
				CLANG_WARN_INT_CONVERSION = YES;
				CLANG_WARN_NON_LITERAL_NULL_CONVERSION = YES;
				CLANG_WARN_OBJC_IMPLICIT_RETAIN_SELF = YES;
				CLANG_WARN_OBJC_LITERAL_CONVERSION = YES;
				CLANG_WARN_OBJC_ROOT_CLASS = YES_ERROR;
				CLANG_WARN_QUOTED_INCLUDE_IN_FRAMEWORK_HEADER = YES;
				CLANG_WARN_RANGE_LOOP_ANALYSIS = YES;
				CLANG_WARN_STRICT_PROTOTYPES = YES;
				CLANG_WARN_SUSPICIOUS_MOVE = YES;
				CLANG_WARN_UNGUARDED_AVAILABILITY = YES_AGGRESSIVE;
				CLANG_WARN_UNREACHABLE_CODE = YES;
				CLANG_WARN__DUPLICATE_METHOD_MATCH = YES;
				COPY_PHASE_STRIP = NO;
				DEBUG_INFORMATION_FORMAT = dwarf;
				ENABLE_STRICT_OBJC_MSGSEND = YES;
				ENABLE_TESTABILITY = YES;
				GCC_C_LANGUAGE_STANDARD = gnu11;
				GCC_DYNAMIC_NO_PIC = NO;
				GCC_NO_COMMON_BLOCKS = YES;
				GCC_OPTIMIZATION_LEVEL = 0;
				GCC_PREPROCESSOR_DEFINITIONS = (
					"DEBUG=1",
					"$(inherited)",
				);
				GCC_WARN_64_TO_32_BIT_CONVERSION = YES;
				GCC_WARN_ABOUT_RETURN_TYPE = YES_ERROR;
				GCC_WARN_UNDECLARED_SELECTOR = YES;
				GCC_WARN_UNINITIALIZED_AUTOS = YES_AGGRESSIVE;
				GCC_WARN_UNUSED_FUNCTION = YES;
				GCC_WARN_UNUSED_VARIABLE = YES;
				IPHONEOS_DEPLOYMENT_TARGET = 16.4;
				MTL_ENABLE_DEBUG_INFO = INCLUDE_SOURCE;
				MTL_FAST_MATH = YES;
				ONLY_ACTIVE_ARCH = YES;
				SDKROOT = iphoneos;
				SWIFT_ACTIVE_COMPILATION_CONDITIONS = DEBUG;
				SWIFT_OPTIMIZATION_LEVEL = "-Onone";
			};
			name = Debug;
		};
		45EFEEC229F50B80006EEE15 /* Release */ = {
			isa = XCBuildConfiguration;
			buildSettings = {
				ALWAYS_SEARCH_USER_PATHS = NO;
				CLANG_ANALYZER_NONNULL = YES;
				CLANG_ANALYZER_NUMBER_OBJECT_CONVERSION = YES_AGGRESSIVE;
				CLANG_CXX_LANGUAGE_STANDARD = "gnu++20";
				CLANG_ENABLE_MODULES = YES;
				CLANG_ENABLE_OBJC_ARC = YES;
				CLANG_ENABLE_OBJC_WEAK = YES;
				CLANG_WARN_BLOCK_CAPTURE_AUTORELEASING = YES;
				CLANG_WARN_BOOL_CONVERSION = YES;
				CLANG_WARN_COMMA = YES;
				CLANG_WARN_CONSTANT_CONVERSION = YES;
				CLANG_WARN_DEPRECATED_OBJC_IMPLEMENTATIONS = YES;
				CLANG_WARN_DIRECT_OBJC_ISA_USAGE = YES_ERROR;
				CLANG_WARN_DOCUMENTATION_COMMENTS = YES;
				CLANG_WARN_EMPTY_BODY = YES;
				CLANG_WARN_ENUM_CONVERSION = YES;
				CLANG_WARN_INFINITE_RECURSION = YES;
				CLANG_WARN_INT_CONVERSION = YES;
				CLANG_WARN_NON_LITERAL_NULL_CONVERSION = YES;
				CLANG_WARN_OBJC_IMPLICIT_RETAIN_SELF = YES;
				CLANG_WARN_OBJC_LITERAL_CONVERSION = YES;
				CLANG_WARN_OBJC_ROOT_CLASS = YES_ERROR;
				CLANG_WARN_QUOTED_INCLUDE_IN_FRAMEWORK_HEADER = YES;
				CLANG_WARN_RANGE_LOOP_ANALYSIS = YES;
				CLANG_WARN_STRICT_PROTOTYPES = YES;
				CLANG_WARN_SUSPICIOUS_MOVE = YES;
				CLANG_WARN_UNGUARDED_AVAILABILITY = YES_AGGRESSIVE;
				CLANG_WARN_UNREACHABLE_CODE = YES;
				CLANG_WARN__DUPLICATE_METHOD_MATCH = YES;
				COPY_PHASE_STRIP = NO;
				DEBUG_INFORMATION_FORMAT = "dwarf-with-dsym";
				ENABLE_NS_ASSERTIONS = NO;
				ENABLE_STRICT_OBJC_MSGSEND = YES;
				GCC_C_LANGUAGE_STANDARD = gnu11;
				GCC_NO_COMMON_BLOCKS = YES;
				GCC_WARN_64_TO_32_BIT_CONVERSION = YES;
				GCC_WARN_ABOUT_RETURN_TYPE = YES_ERROR;
				GCC_WARN_UNDECLARED_SELECTOR = YES;
				GCC_WARN_UNINITIALIZED_AUTOS = YES_AGGRESSIVE;
				GCC_WARN_UNUSED_FUNCTION = YES;
				GCC_WARN_UNUSED_VARIABLE = YES;
				IPHONEOS_DEPLOYMENT_TARGET = 16.4;
				MTL_ENABLE_DEBUG_INFO = NO;
				MTL_FAST_MATH = YES;
				SDKROOT = iphoneos;
				SWIFT_COMPILATION_MODE = wholemodule;
				SWIFT_OPTIMIZATION_LEVEL = "-O";
				VALIDATE_PRODUCT = YES;
			};
			name = Release;
		};
		45EFEEC429F50B80006EEE15 /* Debug */ = {
			isa = XCBuildConfiguration;
			buildSettings = {
				ASSETCATALOG_COMPILER_APPICON_NAME = AppIcon;
				ASSETCATALOG_COMPILER_GLOBAL_ACCENT_COLOR_NAME = AccentColor;
				CODE_SIGN_STYLE = Automatic;
				CURRENT_PROJECT_VERSION = 1;
				DEVELOPMENT_TEAM = 4HT2BE32MC;
				GENERATE_INFOPLIST_FILE = YES;
				INFOPLIST_FILE = TodoList_with_chatGPT/Info.plist;
				INFOPLIST_KEY_UIApplicationSupportsIndirectInputEvents = YES;
				INFOPLIST_KEY_UILaunchStoryboardName = LaunchScreen;
				INFOPLIST_KEY_UIMainStoryboardFile = Main;
				INFOPLIST_KEY_UISupportedInterfaceOrientations_iPad = "UIInterfaceOrientationPortrait UIInterfaceOrientationPortraitUpsideDown UIInterfaceOrientationLandscapeLeft UIInterfaceOrientationLandscapeRight";
				INFOPLIST_KEY_UISupportedInterfaceOrientations_iPhone = "UIInterfaceOrientationPortrait UIInterfaceOrientationLandscapeLeft UIInterfaceOrientationLandscapeRight";
				LD_RUNPATH_SEARCH_PATHS = (
					"$(inherited)",
					"@executable_path/Frameworks",
				);
				MARKETING_VERSION = 1.0;
				PRODUCT_BUNDLE_IDENTIFIER = "com.elly.TodoList-with-chatGPT";
				PRODUCT_NAME = "$(TARGET_NAME)";
				SWIFT_EMIT_LOC_STRINGS = YES;
				SWIFT_VERSION = 5.0;
				TARGETED_DEVICE_FAMILY = "1,2";
			};
			name = Debug;
		};
		45EFEEC529F50B80006EEE15 /* Release */ = {
			isa = XCBuildConfiguration;
			buildSettings = {
				ASSETCATALOG_COMPILER_APPICON_NAME = AppIcon;
				ASSETCATALOG_COMPILER_GLOBAL_ACCENT_COLOR_NAME = AccentColor;
				CODE_SIGN_STYLE = Automatic;
				CURRENT_PROJECT_VERSION = 1;
				DEVELOPMENT_TEAM = 4HT2BE32MC;
				GENERATE_INFOPLIST_FILE = YES;
				INFOPLIST_FILE = TodoList_with_chatGPT/Info.plist;
				INFOPLIST_KEY_UIApplicationSupportsIndirectInputEvents = YES;
				INFOPLIST_KEY_UILaunchStoryboardName = LaunchScreen;
				INFOPLIST_KEY_UIMainStoryboardFile = Main;
				INFOPLIST_KEY_UISupportedInterfaceOrientations_iPad = "UIInterfaceOrientationPortrait UIInterfaceOrientationPortraitUpsideDown UIInterfaceOrientationLandscapeLeft UIInterfaceOrientationLandscapeRight";
				INFOPLIST_KEY_UISupportedInterfaceOrientations_iPhone = "UIInterfaceOrientationPortrait UIInterfaceOrientationLandscapeLeft UIInterfaceOrientationLandscapeRight";
				LD_RUNPATH_SEARCH_PATHS = (
					"$(inherited)",
					"@executable_path/Frameworks",
				);
				MARKETING_VERSION = 1.0;
				PRODUCT_BUNDLE_IDENTIFIER = "com.elly.TodoList-with-chatGPT";
				PRODUCT_NAME = "$(TARGET_NAME)";
				SWIFT_EMIT_LOC_STRINGS = YES;
				SWIFT_VERSION = 5.0;
				TARGETED_DEVICE_FAMILY = "1,2";
			};
			name = Release;
		};
		45EFEEC729F50B80006EEE15 /* Debug */ = {
			isa = XCBuildConfiguration;
			buildSettings = {
				ALWAYS_EMBED_SWIFT_STANDARD_LIBRARIES = YES;
				BUNDLE_LOADER = "$(TEST_HOST)";
				CODE_SIGN_STYLE = Automatic;
				CURRENT_PROJECT_VERSION = 1;
				DEVELOPMENT_TEAM = 4HT2BE32MC;
				GENERATE_INFOPLIST_FILE = YES;
				IPHONEOS_DEPLOYMENT_TARGET = 16.4;
				MARKETING_VERSION = 1.0;
				PRODUCT_BUNDLE_IDENTIFIER = "com.elly.TodoList-with-chatGPTTests";
				PRODUCT_NAME = "$(TARGET_NAME)";
				SWIFT_EMIT_LOC_STRINGS = NO;
				SWIFT_VERSION = 5.0;
				TARGETED_DEVICE_FAMILY = "1,2";
				TEST_HOST = "$(BUILT_PRODUCTS_DIR)/TodoList_with_chatGPT.app/$(BUNDLE_EXECUTABLE_FOLDER_PATH)/TodoList_with_chatGPT";
			};
			name = Debug;
		};
		45EFEEC829F50B80006EEE15 /* Release */ = {
			isa = XCBuildConfiguration;
			buildSettings = {
				ALWAYS_EMBED_SWIFT_STANDARD_LIBRARIES = YES;
				BUNDLE_LOADER = "$(TEST_HOST)";
				CODE_SIGN_STYLE = Automatic;
				CURRENT_PROJECT_VERSION = 1;
				DEVELOPMENT_TEAM = 4HT2BE32MC;
				GENERATE_INFOPLIST_FILE = YES;
				IPHONEOS_DEPLOYMENT_TARGET = 16.4;
				MARKETING_VERSION = 1.0;
				PRODUCT_BUNDLE_IDENTIFIER = "com.elly.TodoList-with-chatGPTTests";
				PRODUCT_NAME = "$(TARGET_NAME)";
				SWIFT_EMIT_LOC_STRINGS = NO;
				SWIFT_VERSION = 5.0;
				TARGETED_DEVICE_FAMILY = "1,2";
				TEST_HOST = "$(BUILT_PRODUCTS_DIR)/TodoList_with_chatGPT.app/$(BUNDLE_EXECUTABLE_FOLDER_PATH)/TodoList_with_chatGPT";
			};
			name = Release;
		};
		45EFEECA29F50B80006EEE15 /* Debug */ = {
			isa = XCBuildConfiguration;
			buildSettings = {
				ALWAYS_EMBED_SWIFT_STANDARD_LIBRARIES = YES;
				CODE_SIGN_STYLE = Automatic;
				CURRENT_PROJECT_VERSION = 1;
				DEVELOPMENT_TEAM = 4HT2BE32MC;
				GENERATE_INFOPLIST_FILE = YES;
				MARKETING_VERSION = 1.0;
				PRODUCT_BUNDLE_IDENTIFIER = "com.elly.TodoList-with-chatGPTUITests";
				PRODUCT_NAME = "$(TARGET_NAME)";
				SWIFT_EMIT_LOC_STRINGS = NO;
				SWIFT_VERSION = 5.0;
				TARGETED_DEVICE_FAMILY = "1,2";
				TEST_TARGET_NAME = TodoList_with_chatGPT;
			};
			name = Debug;
		};
		45EFEECB29F50B80006EEE15 /* Release */ = {
			isa = XCBuildConfiguration;
			buildSettings = {
				ALWAYS_EMBED_SWIFT_STANDARD_LIBRARIES = YES;
				CODE_SIGN_STYLE = Automatic;
				CURRENT_PROJECT_VERSION = 1;
				DEVELOPMENT_TEAM = 4HT2BE32MC;
				GENERATE_INFOPLIST_FILE = YES;
				MARKETING_VERSION = 1.0;
				PRODUCT_BUNDLE_IDENTIFIER = "com.elly.TodoList-with-chatGPTUITests";
				PRODUCT_NAME = "$(TARGET_NAME)";
				SWIFT_EMIT_LOC_STRINGS = NO;
				SWIFT_VERSION = 5.0;
				TARGETED_DEVICE_FAMILY = "1,2";
				TEST_TARGET_NAME = TodoList_with_chatGPT;
			};
			name = Release;
		};
/* End XCBuildConfiguration section */

/* Begin XCConfigurationList section */
		45EFEE9429F50B7F006EEE15 /* Build configuration list for PBXProject "TodoList_with_chatGPT" */ = {
			isa = XCConfigurationList;
			buildConfigurations = (
				45EFEEC129F50B80006EEE15 /* Debug */,
				45EFEEC229F50B80006EEE15 /* Release */,
			);
			defaultConfigurationIsVisible = 0;
			defaultConfigurationName = Release;
		};
		45EFEEC329F50B80006EEE15 /* Build configuration list for PBXNativeTarget "TodoList_with_chatGPT" */ = {
			isa = XCConfigurationList;
			buildConfigurations = (
				45EFEEC429F50B80006EEE15 /* Debug */,
				45EFEEC529F50B80006EEE15 /* Release */,
			);
			defaultConfigurationIsVisible = 0;
			defaultConfigurationName = Release;
		};
		45EFEEC629F50B80006EEE15 /* Build configuration list for PBXNativeTarget "TodoList_with_chatGPTTests" */ = {
			isa = XCConfigurationList;
			buildConfigurations = (
				45EFEEC729F50B80006EEE15 /* Debug */,
				45EFEEC829F50B80006EEE15 /* Release */,
			);
			defaultConfigurationIsVisible = 0;
			defaultConfigurationName = Release;
		};
		45EFEEC929F50B80006EEE15 /* Build configuration list for PBXNativeTarget "TodoList_with_chatGPTUITests" */ = {
			isa = XCConfigurationList;
			buildConfigurations = (
				45EFEECA29F50B80006EEE15 /* Debug */,
				45EFEECB29F50B80006EEE15 /* Release */,
			);
			defaultConfigurationIsVisible = 0;
			defaultConfigurationName = Release;
		};
/* End XCConfigurationList section */
	};
	rootObject = 45EFEE9129F50B7F006EEE15 /* Project object */;
}
